
Microsoft Visual Studio Solution File, Format Version 12.00
# Visual Studio Version 17
VisualStudioVersion = 17.7.34024.191
MinimumVisualStudioVersion = 10.0.40219.1
Project("{FAE04EC0-301F-11D3-BF4B-00C04F79EFBC}") = "MinimalAPI_Labb2", "MinimalAPI_Labb2\MinimalAPI_Labb2.csproj", "{BDBBDFEC-0D19-44C9-BA05-BD538B8CDBF2}"
EndProject
Global
	GlobalSection(SolutionConfigurationPlatforms) = preSolution
		Debug|Any CPU = Debug|Any CPU
		Release|Any CPU = Release|Any CPU
	EndGlobalSection
	GlobalSection(ProjectConfigurationPlatforms) = postSolution
		{BDBBDFEC-0D19-44C9-BA05-BD538B8CDBF2}.Debug|Any CPU.ActiveCfg = Debug|Any CPU
		{BDBBDFEC-0D19-44C9-BA05-BD538B8CDBF2}.Debug|Any CPU.Build.0 = Debug|Any CPU
		{BDBBDFEC-0D19-44C9-BA05-BD538B8CDBF2}.Release|Any CPU.ActiveCfg = Release|Any CPU
		{BDBBDFEC-0D19-44C9-BA05-BD538B8CDBF2}.Release|Any CPU.Build.0 = Release|Any CPU
	EndGlobalSection
	GlobalSection(SolutionProperties) = preSolution
		HideSolutionNode = FALSE
	EndGlobalSection
	GlobalSection(ExtensibilityGlobals) = postSolution
		SolutionGuid = {2FA0DD4B-C2DB-47BC-8433-E55669DC334B}
	EndGlobalSection
EndGlobal
